
Microsoft Visual Studio Solution File, Format Version 12.00
# Visual Studio Version 16
VisualStudioVersion = 16.0.30523.141
MinimumVisualStudioVersion = 10.0.40219.1
Project("{FAE04EC0-301F-11D3-BF4B-00C04F79EFBC}") = "Sweepstakes", "Sweepstakes\Sweepstakes.csproj", "{33478C99-49AB-4DF1-9B4B-AC42AE8700B5}"
EndProject
Global
	GlobalSection(SolutionConfigurationPlatforms) = preSolution
		Debug|Any CPU = Debug|Any CPU
		Release|Any CPU = Release|Any CPU
	EndGlobalSection
	GlobalSection(ProjectConfigurationPlatforms) = postSolution
		{33478C99-49AB-4DF1-9B4B-AC42AE8700B5}.Debug|Any CPU.ActiveCfg = Debug|Any CPU
		{33478C99-49AB-4DF1-9B4B-AC42AE8700B5}.Debug|Any CPU.Build.0 = Debug|Any CPU
		{33478C99-49AB-4DF1-9B4B-AC42AE8700B5}.Release|Any CPU.ActiveCfg = Release|Any CPU
		{33478C99-49AB-4DF1-9B4B-AC42AE8700B5}.Release|Any CPU.Build.0 = Release|Any CPU
	EndGlobalSection
	GlobalSection(SolutionProperties) = preSolution
		HideSolutionNode = FALSE
	EndGlobalSection
	GlobalSection(ExtensibilityGlobals) = postSolution
		SolutionGuid = {9D0BB71B-F93B-4C1F-AAC9-414B898C0C4D}
	EndGlobalSection
EndGlobal
